
Microsoft Visual Studio Solution File, Format Version 12.00
# Visual Studio Version 17
VisualStudioVersion = 17.0.32112.339
MinimumVisualStudioVersion = 10.0.40219.1
Project("{9A19103F-16F7-4668-BE54-9A1E7A4F7556}") = "LoanworksBackend", "LoanworksBackend.csproj", "{B2BE91E8-1A30-4FB1-8D1F-022C3B437041}"
EndProject
Global
	GlobalSection(SolutionConfigurationPlatforms) = preSolution
		Debug|Any CPU = Debug|Any CPU
		Release|Any CPU = Release|Any CPU
	EndGlobalSection
	GlobalSection(ProjectConfigurationPlatforms) = postSolution
		{B2BE91E8-1A30-4FB1-8D1F-022C3B437041}.Debug|Any CPU.ActiveCfg = Debug|Any CPU
		{B2BE91E8-1A30-4FB1-8D1F-022C3B437041}.Debug|Any CPU.Build.0 = Debug|Any CPU
		{B2BE91E8-1A30-4FB1-8D1F-022C3B437041}.Release|Any CPU.ActiveCfg = Release|Any CPU
		{B2BE91E8-1A30-4FB1-8D1F-022C3B437041}.Release|Any CPU.Build.0 = Release|Any CPU
	EndGlobalSection
	GlobalSection(SolutionProperties) = preSolution
		HideSolutionNode = FALSE
	EndGlobalSection
	GlobalSection(ExtensibilityGlobals) = postSolution
		SolutionGuid = {037B886E-BCBE-4D3C-BCB6-2E940C04F5A1}
	EndGlobalSection
EndGlobal
